// !$*UTF8*$!
{
	archiveVersion = 1;
	classes = {
	};
	objectVersion = 56;
	objects = {

/* Begin PBXBuildFile section */
		74239A252BD9027100EFC2BE /* GoogleService-Info.plist in Resources */ = {isa = PBXBuildFile; fileRef = 74239A242BD9027100EFC2BE /* GoogleService-Info.plist */; };
		74239A282BD9031000EFC2BE /* FirebaseAnalytics in Frameworks */ = {isa = PBXBuildFile; productRef = 74239A272BD9031000EFC2BE /* FirebaseAnalytics */; };
		74239A2A2BD9031000EFC2BE /* FirebaseAnalyticsSwift in Frameworks */ = {isa = PBXBuildFile; productRef = 74239A292BD9031000EFC2BE /* FirebaseAnalyticsSwift */; };
		74239A2C2BD904C100EFC2BE /* AppDelegate.swift in Sources */ = {isa = PBXBuildFile; fileRef = 74239A2B2BD904C100EFC2BE /* AppDelegate.swift */; };
		74239A2F2BD9056700EFC2BE /* FirebaseAuth in Frameworks */ = {isa = PBXBuildFile; productRef = 74239A2E2BD9056700EFC2BE /* FirebaseAuth */; };
		742824C82BD944540028E9D0 /* SignUpView.swift in Sources */ = {isa = PBXBuildFile; fileRef = 742824C72BD944540028E9D0 /* SignUpView.swift */; };
		742824CA2BD94E1C0028E9D0 /* SignInView.swift in Sources */ = {isa = PBXBuildFile; fileRef = 742824C92BD94E1C0028E9D0 /* SignInView.swift */; };
		742824CC2BD9603D0028E9D0 /* ResetPasswordView.swift in Sources */ = {isa = PBXBuildFile; fileRef = 742824CB2BD9603D0028E9D0 /* ResetPasswordView.swift */; };
		742824CE2BD996A70028E9D0 /* ParametersView.swift in Sources */ = {isa = PBXBuildFile; fileRef = 742824CD2BD996A70028E9D0 /* ParametersView.swift */; };
		748E4E632BD907040044035F /* AuthView.swift in Sources */ = {isa = PBXBuildFile; fileRef = 748E4E622BD907040044035F /* AuthView.swift */; };
		748E4E692BD90FA60044035F /* AuthManager.swift in Sources */ = {isa = PBXBuildFile; fileRef = 748E4E682BD90FA60044035F /* AuthManager.swift */; };
		748E4E6D2BD9115F0044035F /* AuthDataResultModel.swift in Sources */ = {isa = PBXBuildFile; fileRef = 748E4E6C2BD9115F0044035F /* AuthDataResultModel.swift */; };
		749D03352BD7FE1800210B09 /* Woof_CompanionApp.swift in Sources */ = {isa = PBXBuildFile; fileRef = 749D03342BD7FE1800210B09 /* Woof_CompanionApp.swift */; };
		749D03392BD7FE1A00210B09 /* Assets.xcassets in Resources */ = {isa = PBXBuildFile; fileRef = 749D03382BD7FE1A00210B09 /* Assets.xcassets */; };
		749D033C2BD7FE1A00210B09 /* Preview Assets.xcassets in Resources */ = {isa = PBXBuildFile; fileRef = 749D033B2BD7FE1A00210B09 /* Preview Assets.xcassets */; };
		749D03462BD7FE1A00210B09 /* Woof_CompanionTests.swift in Sources */ = {isa = PBXBuildFile; fileRef = 749D03452BD7FE1A00210B09 /* Woof_CompanionTests.swift */; };
		749D03502BD7FE1A00210B09 /* Woof_CompanionUITests.swift in Sources */ = {isa = PBXBuildFile; fileRef = 749D034F2BD7FE1A00210B09 /* Woof_CompanionUITests.swift */; };
		749D03522BD7FE1A00210B09 /* Woof_CompanionUITestsLaunchTests.swift in Sources */ = {isa = PBXBuildFile; fileRef = 749D03512BD7FE1A00210B09 /* Woof_CompanionUITestsLaunchTests.swift */; };
		749D036B2BD8006C00210B09 /* LastWalkView.swift in Sources */ = {isa = PBXBuildFile; fileRef = 749D036A2BD8006C00210B09 /* LastWalkView.swift */; };
		749D036E2BD8010800210B09 /* MainView.swift in Sources */ = {isa = PBXBuildFile; fileRef = 749D036D2BD8010800210B09 /* MainView.swift */; };
		749D03702BD8017D00210B09 /* TotalActivityView.swift in Sources */ = {isa = PBXBuildFile; fileRef = 749D036F2BD8017D00210B09 /* TotalActivityView.swift */; };
		749D03722BD8053A00210B09 /* CoordinatorView.swift in Sources */ = {isa = PBXBuildFile; fileRef = 749D03712BD8053A00210B09 /* CoordinatorView.swift */; };
		749D03752BD8063400210B09 /* CoordinatorManager.swift in Sources */ = {isa = PBXBuildFile; fileRef = 749D03742BD8063400210B09 /* CoordinatorManager.swift */; };
		749D03792BD80A3600210B09 /* WalkView.swift in Sources */ = {isa = PBXBuildFile; fileRef = 749D03782BD80A3600210B09 /* WalkView.swift */; };
		749D037B2BD80A4000210B09 /* HistoryView.swift in Sources */ = {isa = PBXBuildFile; fileRef = 749D037A2BD80A4000210B09 /* HistoryView.swift */; };
		749D037D2BD80AE000210B09 /* FinishedWalkView.swift in Sources */ = {isa = PBXBuildFile; fileRef = 749D037C2BD80AE000210B09 /* FinishedWalkView.swift */; };
		749D03812BD83D7500210B09 /* WeatherChoice.swift in Sources */ = {isa = PBXBuildFile; fileRef = 749D03802BD83D7500210B09 /* WeatherChoice.swift */; };
		749D03832BD8E83400210B09 /* WalkViewModel.swift in Sources */ = {isa = PBXBuildFile; fileRef = 749D03822BD8E83400210B09 /* WalkViewModel.swift */; };
		749D03852BD8E86E00210B09 /* WalkModel.swift in Sources */ = {isa = PBXBuildFile; fileRef = 749D03842BD8E86E00210B09 /* WalkModel.swift */; };
		749D03882BD8E8B800210B09 /* TimerManager.swift in Sources */ = {isa = PBXBuildFile; fileRef = 749D03872BD8E8B800210B09 /* TimerManager.swift */; };
		749D038A2BD8E8CD00210B09 /* PedometerManager.swift in Sources */ = {isa = PBXBuildFile; fileRef = 749D03892BD8E8CD00210B09 /* PedometerManager.swift */; };
		74AFCDB42BDAC33B0089F174 /* FirebasePerformance in Frameworks */ = {isa = PBXBuildFile; productRef = 74AFCDB32BDAC33B0089F174 /* FirebasePerformance */; };
		74F275372BDA511A00B9F3DD /* FirebaseFirestore in Frameworks */ = {isa = PBXBuildFile; productRef = 74F275362BDA511A00B9F3DD /* FirebaseFirestore */; };
		74F275392BDA511A00B9F3DD /* FirebaseFirestoreSwift in Frameworks */ = {isa = PBXBuildFile; productRef = 74F275382BDA511A00B9F3DD /* FirebaseFirestoreSwift */; };
		74F2753D2BDA6E1000B9F3DD /* FirestoreManager.swift in Sources */ = {isa = PBXBuildFile; fileRef = 74F2753C2BDA6E1000B9F3DD /* FirestoreManager.swift */; };
		74F2753F2BDA6E5E00B9F3DD /* WalkDataStoreManager.swift in Sources */ = {isa = PBXBuildFile; fileRef = 74F2753E2BDA6E5E00B9F3DD /* WalkDataStoreManager.swift */; };
		74F275422BDA74A100B9F3DD /* AuthentificationViewModel.swift in Sources */ = {isa = PBXBuildFile; fileRef = 74F275412BDA74A100B9F3DD /* AuthentificationViewModel.swift */; };
		74F275472BDA9C4A00B9F3DD /* AppModel.swift in Sources */ = {isa = PBXBuildFile; fileRef = 74F275462BDA9C4A00B9F3DD /* AppModel.swift */; };
		74F275492BDAA9A000B9F3DD /* HistoryViewModel.swift in Sources */ = {isa = PBXBuildFile; fileRef = 74F275482BDAA9A000B9F3DD /* HistoryViewModel.swift */; };
		74F2754E2BDAAEB100B9F3DD /* HistoryContentView.swift in Sources */ = {isa = PBXBuildFile; fileRef = 74F2754D2BDAAEB100B9F3DD /* HistoryContentView.swift */; };
/* End PBXBuildFile section */

/* Begin PBXContainerItemProxy section */
		749D03422BD7FE1A00210B09 /* PBXContainerItemProxy */ = {
			isa = PBXContainerItemProxy;
			containerPortal = 749D03292BD7FE1800210B09 /* Project object */;
			proxyType = 1;
			remoteGlobalIDString = 749D03302BD7FE1800210B09;
			remoteInfo = "Woof-Companion";
		};
		749D034C2BD7FE1A00210B09 /* PBXContainerItemProxy */ = {
			isa = PBXContainerItemProxy;
			containerPortal = 749D03292BD7FE1800210B09 /* Project object */;
			proxyType = 1;
			remoteGlobalIDString = 749D03302BD7FE1800210B09;
			remoteInfo = "Woof-Companion";
		};
/* End PBXContainerItemProxy section */

/* Begin PBXFileReference section */
		74239A242BD9027100EFC2BE /* GoogleService-Info.plist */ = {isa = PBXFileReference; fileEncoding = 4; lastKnownFileType = text.plist.xml; path = "GoogleService-Info.plist"; sourceTree = "<group>"; };
		74239A2B2BD904C100EFC2BE /* AppDelegate.swift */ = {isa = PBXFileReference; lastKnownFileType = sourcecode.swift; path = AppDelegate.swift; sourceTree = "<group>"; };
		742824C72BD944540028E9D0 /* SignUpView.swift */ = {isa = PBXFileReference; fileEncoding = 4; lastKnownFileType = sourcecode.swift; path = SignUpView.swift; sourceTree = "<group>"; };
		742824C92BD94E1C0028E9D0 /* SignInView.swift */ = {isa = PBXFileReference; lastKnownFileType = sourcecode.swift; path = SignInView.swift; sourceTree = "<group>"; };
		742824CB2BD9603D0028E9D0 /* ResetPasswordView.swift */ = {isa = PBXFileReference; lastKnownFileType = sourcecode.swift; path = ResetPasswordView.swift; sourceTree = "<group>"; };
		742824CD2BD996A70028E9D0 /* ParametersView.swift */ = {isa = PBXFileReference; lastKnownFileType = sourcecode.swift; path = ParametersView.swift; sourceTree = "<group>"; };
		748E4E622BD907040044035F /* AuthView.swift */ = {isa = PBXFileReference; lastKnownFileType = sourcecode.swift; path = AuthView.swift; sourceTree = "<group>"; };
		748E4E682BD90FA60044035F /* AuthManager.swift */ = {isa = PBXFileReference; lastKnownFileType = sourcecode.swift; path = AuthManager.swift; sourceTree = "<group>"; };
		748E4E6C2BD9115F0044035F /* AuthDataResultModel.swift */ = {isa = PBXFileReference; lastKnownFileType = sourcecode.swift; path = AuthDataResultModel.swift; sourceTree = "<group>"; };
		749D03312BD7FE1800210B09 /* Woof-Companion.app */ = {isa = PBXFileReference; explicitFileType = wrapper.application; includeInIndex = 0; path = "Woof-Companion.app"; sourceTree = BUILT_PRODUCTS_DIR; };
		749D03342BD7FE1800210B09 /* Woof_CompanionApp.swift */ = {isa = PBXFileReference; lastKnownFileType = sourcecode.swift; path = Woof_CompanionApp.swift; sourceTree = "<group>"; };
		749D03382BD7FE1A00210B09 /* Assets.xcassets */ = {isa = PBXFileReference; lastKnownFileType = folder.assetcatalog; path = Assets.xcassets; sourceTree = "<group>"; };
		749D033B2BD7FE1A00210B09 /* Preview Assets.xcassets */ = {isa = PBXFileReference; lastKnownFileType = folder.assetcatalog; path = "Preview Assets.xcassets"; sourceTree = "<group>"; };
		749D03412BD7FE1A00210B09 /* Woof-CompanionTests.xctest */ = {isa = PBXFileReference; explicitFileType = wrapper.cfbundle; includeInIndex = 0; path = "Woof-CompanionTests.xctest"; sourceTree = BUILT_PRODUCTS_DIR; };
		749D03452BD7FE1A00210B09 /* Woof_CompanionTests.swift */ = {isa = PBXFileReference; lastKnownFileType = sourcecode.swift; path = Woof_CompanionTests.swift; sourceTree = "<group>"; };
		749D034B2BD7FE1A00210B09 /* Woof-CompanionUITests.xctest */ = {isa = PBXFileReference; explicitFileType = wrapper.cfbundle; includeInIndex = 0; path = "Woof-CompanionUITests.xctest"; sourceTree = BUILT_PRODUCTS_DIR; };
		749D034F2BD7FE1A00210B09 /* Woof_CompanionUITests.swift */ = {isa = PBXFileReference; lastKnownFileType = sourcecode.swift; path = Woof_CompanionUITests.swift; sourceTree = "<group>"; };
		749D03512BD7FE1A00210B09 /* Woof_CompanionUITestsLaunchTests.swift */ = {isa = PBXFileReference; lastKnownFileType = sourcecode.swift; path = Woof_CompanionUITestsLaunchTests.swift; sourceTree = "<group>"; };
		749D036A2BD8006C00210B09 /* LastWalkView.swift */ = {isa = PBXFileReference; lastKnownFileType = sourcecode.swift; name = LastWalkView.swift; path = "../New Group/LastWalkView.swift"; sourceTree = "<group>"; };
		749D036D2BD8010800210B09 /* MainView.swift */ = {isa = PBXFileReference; lastKnownFileType = sourcecode.swift; path = MainView.swift; sourceTree = "<group>"; };
		749D036F2BD8017D00210B09 /* TotalActivityView.swift */ = {isa = PBXFileReference; lastKnownFileType = sourcecode.swift; path = TotalActivityView.swift; sourceTree = "<group>"; };
		749D03712BD8053A00210B09 /* CoordinatorView.swift */ = {isa = PBXFileReference; lastKnownFileType = sourcecode.swift; path = CoordinatorView.swift; sourceTree = "<group>"; };
		749D03742BD8063400210B09 /* CoordinatorManager.swift */ = {isa = PBXFileReference; lastKnownFileType = sourcecode.swift; path = CoordinatorManager.swift; sourceTree = "<group>"; };
		749D03782BD80A3600210B09 /* WalkView.swift */ = {isa = PBXFileReference; lastKnownFileType = sourcecode.swift; path = WalkView.swift; sourceTree = "<group>"; };
		749D037A2BD80A4000210B09 /* HistoryView.swift */ = {isa = PBXFileReference; lastKnownFileType = sourcecode.swift; path = HistoryView.swift; sourceTree = "<group>"; };
		749D037C2BD80AE000210B09 /* FinishedWalkView.swift */ = {isa = PBXFileReference; lastKnownFileType = sourcecode.swift; path = FinishedWalkView.swift; sourceTree = "<group>"; };
		749D03802BD83D7500210B09 /* WeatherChoice.swift */ = {isa = PBXFileReference; lastKnownFileType = sourcecode.swift; path = WeatherChoice.swift; sourceTree = "<group>"; };
		749D03822BD8E83400210B09 /* WalkViewModel.swift */ = {isa = PBXFileReference; lastKnownFileType = sourcecode.swift; path = WalkViewModel.swift; sourceTree = "<group>"; };
		749D03842BD8E86E00210B09 /* WalkModel.swift */ = {isa = PBXFileReference; lastKnownFileType = sourcecode.swift; path = WalkModel.swift; sourceTree = "<group>"; };
		749D03872BD8E8B800210B09 /* TimerManager.swift */ = {isa = PBXFileReference; lastKnownFileType = sourcecode.swift; path = TimerManager.swift; sourceTree = "<group>"; };
		749D03892BD8E8CD00210B09 /* PedometerManager.swift */ = {isa = PBXFileReference; lastKnownFileType = sourcecode.swift; path = PedometerManager.swift; sourceTree = "<group>"; };
		74F2753C2BDA6E1000B9F3DD /* FirestoreManager.swift */ = {isa = PBXFileReference; lastKnownFileType = sourcecode.swift; path = FirestoreManager.swift; sourceTree = "<group>"; };
		74F2753E2BDA6E5E00B9F3DD /* WalkDataStoreManager.swift */ = {isa = PBXFileReference; lastKnownFileType = sourcecode.swift; path = WalkDataStoreManager.swift; sourceTree = "<group>"; };
		74F275412BDA74A100B9F3DD /* AuthentificationViewModel.swift */ = {isa = PBXFileReference; lastKnownFileType = sourcecode.swift; path = AuthentificationViewModel.swift; sourceTree = "<group>"; };
		74F275462BDA9C4A00B9F3DD /* AppModel.swift */ = {isa = PBXFileReference; lastKnownFileType = sourcecode.swift; path = AppModel.swift; sourceTree = "<group>"; };
		74F275482BDAA9A000B9F3DD /* HistoryViewModel.swift */ = {isa = PBXFileReference; lastKnownFileType = sourcecode.swift; path = HistoryViewModel.swift; sourceTree = "<group>"; };
		74F2754D2BDAAEB100B9F3DD /* HistoryContentView.swift */ = {isa = PBXFileReference; lastKnownFileType = sourcecode.swift; path = HistoryContentView.swift; sourceTree = "<group>"; };
		74F2754F2BDAB21600B9F3DD /* Info.plist */ = {isa = PBXFileReference; lastKnownFileType = text.plist; path = Info.plist; sourceTree = "<group>"; };
/* End PBXFileReference section */

/* Begin PBXFrameworksBuildPhase section */
		749D032E2BD7FE1800210B09 /* Frameworks */ = {
			isa = PBXFrameworksBuildPhase;
			buildActionMask = 2147483647;
			files = (
				74F275392BDA511A00B9F3DD /* FirebaseFirestoreSwift in Frameworks */,
				74239A2A2BD9031000EFC2BE /* FirebaseAnalyticsSwift in Frameworks */,
				74AFCDB42BDAC33B0089F174 /* FirebasePerformance in Frameworks */,
				74F275372BDA511A00B9F3DD /* FirebaseFirestore in Frameworks */,
				74239A2F2BD9056700EFC2BE /* FirebaseAuth in Frameworks */,
				74239A282BD9031000EFC2BE /* FirebaseAnalytics in Frameworks */,
			);
			runOnlyForDeploymentPostprocessing = 0;
		};
		749D033E2BD7FE1A00210B09 /* Frameworks */ = {
			isa = PBXFrameworksBuildPhase;
			buildActionMask = 2147483647;
			files = (
			);
			runOnlyForDeploymentPostprocessing = 0;
		};
		749D03482BD7FE1A00210B09 /* Frameworks */ = {
			isa = PBXFrameworksBuildPhase;
			buildActionMask = 2147483647;
			files = (
			);
			runOnlyForDeploymentPostprocessing = 0;
		};
/* End PBXFrameworksBuildPhase section */

/* Begin PBXGroup section */
		74239A2D2BD9056700EFC2BE /* Frameworks */ = {
			isa = PBXGroup;
			children = (
			);
			name = Frameworks;
			sourceTree = "<group>";
		};
		74239A302BD905BA00EFC2BE /* Authentification */ = {
			isa = PBXGroup;
			children = (
				748E4E622BD907040044035F /* AuthView.swift */,
				742824C92BD94E1C0028E9D0 /* SignInView.swift */,
				742824CB2BD9603D0028E9D0 /* ResetPasswordView.swift */,
				742824C72BD944540028E9D0 /* SignUpView.swift */,
			);
			path = Authentification;
			sourceTree = "<group>";
		};
		748E4E6A2BD9112F0044035F /* Firebase */ = {
			isa = PBXGroup;
			children = (
				748E4E6B2BD911340044035F /* Auth */,
			);
			path = Firebase;
			sourceTree = "<group>";
		};
		748E4E6B2BD911340044035F /* Auth */ = {
			isa = PBXGroup;
			children = (
				748E4E6C2BD9115F0044035F /* AuthDataResultModel.swift */,
			);
			path = Auth;
			sourceTree = "<group>";
		};
		749D03282BD7FE1800210B09 = {
			isa = PBXGroup;
			children = (
				749D03332BD7FE1800210B09 /* Woof-Companion */,
				749D03442BD7FE1A00210B09 /* Woof-CompanionTests */,
				749D034E2BD7FE1A00210B09 /* Woof-CompanionUITests */,
				749D03322BD7FE1800210B09 /* Products */,
				74239A2D2BD9056700EFC2BE /* Frameworks */,
			);
			sourceTree = "<group>";
		};
		749D03322BD7FE1800210B09 /* Products */ = {
			isa = PBXGroup;
			children = (
				749D03312BD7FE1800210B09 /* Woof-Companion.app */,
				749D03412BD7FE1A00210B09 /* Woof-CompanionTests.xctest */,
				749D034B2BD7FE1A00210B09 /* Woof-CompanionUITests.xctest */,
			);
			name = Products;
			sourceTree = "<group>";
		};
		749D03332BD7FE1800210B09 /* Woof-Companion */ = {
			isa = PBXGroup;
			children = (
				74239A242BD9027100EFC2BE /* GoogleService-Info.plist */,
				749D03862BD8E8A900210B09 /* Manager */,
				749D03612BD7FEF500210B09 /* ApplicationLifeCycle */,
				749D035E2BD7FEC800210B09 /* Model */,
				749D03602BD7FED400210B09 /* View */,
				749D035F2BD7FECD00210B09 /* ViewModel */,
				749D03622BD7FF0500210B09 /* Ressource */,
			);
			path = "Woof-Companion";
			sourceTree = "<group>";
		};
		749D033A2BD7FE1A00210B09 /* Preview Content */ = {
			isa = PBXGroup;
			children = (
				749D033B2BD7FE1A00210B09 /* Preview Assets.xcassets */,
			);
			path = "Preview Content";
			sourceTree = "<group>";
		};
		749D03442BD7FE1A00210B09 /* Woof-CompanionTests */ = {
			isa = PBXGroup;
			children = (
				749D03452BD7FE1A00210B09 /* Woof_CompanionTests.swift */,
			);
			path = "Woof-CompanionTests";
			sourceTree = "<group>";
		};
		749D034E2BD7FE1A00210B09 /* Woof-CompanionUITests */ = {
			isa = PBXGroup;
			children = (
				74F2754F2BDAB21600B9F3DD /* Info.plist */,
				749D034F2BD7FE1A00210B09 /* Woof_CompanionUITests.swift */,
				749D03512BD7FE1A00210B09 /* Woof_CompanionUITestsLaunchTests.swift */,
			);
			path = "Woof-CompanionUITests";
			sourceTree = "<group>";
		};
		749D035E2BD7FEC800210B09 /* Model */ = {
			isa = PBXGroup;
			children = (
				748E4E6A2BD9112F0044035F /* Firebase */,
				749D03802BD83D7500210B09 /* WeatherChoice.swift */,
				749D03842BD8E86E00210B09 /* WalkModel.swift */,
			);
			path = Model;
			sourceTree = "<group>";
		};
		749D035F2BD7FECD00210B09 /* ViewModel */ = {
			isa = PBXGroup;
			children = (
				749D03822BD8E83400210B09 /* WalkViewModel.swift */,
				74F275412BDA74A100B9F3DD /* AuthentificationViewModel.swift */,
				74F275482BDAA9A000B9F3DD /* HistoryViewModel.swift */,
			);
			path = ViewModel;
			sourceTree = "<group>";
		};
		749D03602BD7FED400210B09 /* View */ = {
			isa = PBXGroup;
			children = (
				749D03712BD8053A00210B09 /* CoordinatorView.swift */,
				74239A302BD905BA00EFC2BE /* Authentification */,
				749D03632BD7FFFC00210B09 /* Main */,
				749D03762BD809F900210B09 /* Walk */,
				749D03772BD809FD00210B09 /* History */,
			);
			path = View;
			sourceTree = "<group>";
		};
		749D03612BD7FEF500210B09 /* ApplicationLifeCycle */ = {
			isa = PBXGroup;
			children = (
				749D03342BD7FE1800210B09 /* Woof_CompanionApp.swift */,
				74F275462BDA9C4A00B9F3DD /* AppModel.swift */,
				74239A2B2BD904C100EFC2BE /* AppDelegate.swift */,
			);
			path = ApplicationLifeCycle;
			sourceTree = "<group>";
		};
		749D03622BD7FF0500210B09 /* Ressource */ = {
			isa = PBXGroup;
			children = (
				749D033A2BD7FE1A00210B09 /* Preview Content */,
				749D03382BD7FE1A00210B09 /* Assets.xcassets */,
			);
			path = Ressource;
			sourceTree = "<group>";
		};
		749D03632BD7FFFC00210B09 /* Main */ = {
			isa = PBXGroup;
			children = (
				749D036D2BD8010800210B09 /* MainView.swift */,
				749D036C2BD800F800210B09 /* SubView */,
			);
			path = Main;
			sourceTree = "<group>";
		};
		749D036C2BD800F800210B09 /* SubView */ = {
			isa = PBXGroup;
			children = (
				749D036A2BD8006C00210B09 /* LastWalkView.swift */,
				749D036F2BD8017D00210B09 /* TotalActivityView.swift */,
				742824CD2BD996A70028E9D0 /* ParametersView.swift */,
			);
			path = SubView;
			sourceTree = "<group>";
		};
		749D03762BD809F900210B09 /* Walk */ = {
			isa = PBXGroup;
			children = (
				749D03782BD80A3600210B09 /* WalkView.swift */,
				749D037C2BD80AE000210B09 /* FinishedWalkView.swift */,
			);
			path = Walk;
			sourceTree = "<group>";
		};
		749D03772BD809FD00210B09 /* History */ = {
			isa = PBXGroup;
			children = (
				749D037A2BD80A4000210B09 /* HistoryView.swift */,
				74F2754A2BDAAE9800B9F3DD /* Subview */,
			);
			path = History;
			sourceTree = "<group>";
		};
		749D03862BD8E8A900210B09 /* Manager */ = {
			isa = PBXGroup;
			children = (
				749D03742BD8063400210B09 /* CoordinatorManager.swift */,
				749D03872BD8E8B800210B09 /* TimerManager.swift */,
				749D03892BD8E8CD00210B09 /* PedometerManager.swift */,
				748E4E682BD90FA60044035F /* AuthManager.swift */,
				74F2753C2BDA6E1000B9F3DD /* FirestoreManager.swift */,
				74F2753E2BDA6E5E00B9F3DD /* WalkDataStoreManager.swift */,
			);
			path = Manager;
			sourceTree = "<group>";
		};
		74F2754A2BDAAE9800B9F3DD /* Subview */ = {
			isa = PBXGroup;
			children = (
				74F2754D2BDAAEB100B9F3DD /* HistoryContentView.swift */,
			);
			path = Subview;
			sourceTree = "<group>";
		};
/* End PBXGroup section */

/* Begin PBXNativeTarget section */
		749D03302BD7FE1800210B09 /* Woof-Companion */ = {
			isa = PBXNativeTarget;
			buildConfigurationList = 749D03552BD7FE1A00210B09 /* Build configuration list for PBXNativeTarget "Woof-Companion" */;
			buildPhases = (
				749D032D2BD7FE1800210B09 /* Sources */,
				749D032E2BD7FE1800210B09 /* Frameworks */,
				749D032F2BD7FE1800210B09 /* Resources */,
			);
			buildRules = (
			);
			dependencies = (
			);
			name = "Woof-Companion";
			packageProductDependencies = (
				74239A272BD9031000EFC2BE /* FirebaseAnalytics */,
				74239A292BD9031000EFC2BE /* FirebaseAnalyticsSwift */,
				74239A2E2BD9056700EFC2BE /* FirebaseAuth */,
				74F275362BDA511A00B9F3DD /* FirebaseFirestore */,
				74F275382BDA511A00B9F3DD /* FirebaseFirestoreSwift */,
				74AFCDB32BDAC33B0089F174 /* FirebasePerformance */,
			);
			productName = "Woof-Companion";
			productReference = 749D03312BD7FE1800210B09 /* Woof-Companion.app */;
			productType = "com.apple.product-type.application";
		};
		749D03402BD7FE1A00210B09 /* Woof-CompanionTests */ = {
			isa = PBXNativeTarget;
			buildConfigurationList = 749D03582BD7FE1A00210B09 /* Build configuration list for PBXNativeTarget "Woof-CompanionTests" */;
			buildPhases = (
				749D033D2BD7FE1A00210B09 /* Sources */,
				749D033E2BD7FE1A00210B09 /* Frameworks */,
				749D033F2BD7FE1A00210B09 /* Resources */,
			);
			buildRules = (
			);
			dependencies = (
				749D03432BD7FE1A00210B09 /* PBXTargetDependency */,
			);
			name = "Woof-CompanionTests";
			productName = "Woof-CompanionTests";
			productReference = 749D03412BD7FE1A00210B09 /* Woof-CompanionTests.xctest */;
			productType = "com.apple.product-type.bundle.unit-test";
		};
		749D034A2BD7FE1A00210B09 /* Woof-CompanionUITests */ = {
			isa = PBXNativeTarget;
			buildConfigurationList = 749D035B2BD7FE1A00210B09 /* Build configuration list for PBXNativeTarget "Woof-CompanionUITests" */;
			buildPhases = (
				749D03472BD7FE1A00210B09 /* Sources */,
				749D03482BD7FE1A00210B09 /* Frameworks */,
				749D03492BD7FE1A00210B09 /* Resources */,
			);
			buildRules = (
			);
			dependencies = (
				749D034D2BD7FE1A00210B09 /* PBXTargetDependency */,
			);
			name = "Woof-CompanionUITests";
			productName = "Woof-CompanionUITests";
			productReference = 749D034B2BD7FE1A00210B09 /* Woof-CompanionUITests.xctest */;
			productType = "com.apple.product-type.bundle.ui-testing";
		};
/* End PBXNativeTarget section */

/* Begin PBXProject section */
		749D03292BD7FE1800210B09 /* Project object */ = {
			isa = PBXProject;
			attributes = {
				BuildIndependentTargetsInParallel = 1;
				LastSwiftUpdateCheck = 1530;
				LastUpgradeCheck = 1530;
				TargetAttributes = {
					749D03302BD7FE1800210B09 = {
						CreatedOnToolsVersion = 15.3;
					};
					749D03402BD7FE1A00210B09 = {
						CreatedOnToolsVersion = 15.3;
						TestTargetID = 749D03302BD7FE1800210B09;
					};
					749D034A2BD7FE1A00210B09 = {
						CreatedOnToolsVersion = 15.3;
						TestTargetID = 749D03302BD7FE1800210B09;
					};
				};
			};
			buildConfigurationList = 749D032C2BD7FE1800210B09 /* Build configuration list for PBXProject "Woof-Companion" */;
			compatibilityVersion = "Xcode 14.0";
			developmentRegion = fr;
			hasScannedForEncodings = 0;
			knownRegions = (
				en,
				Base,
				fr,
			);
			mainGroup = 749D03282BD7FE1800210B09;
			packageReferences = (
				74239A262BD9031000EFC2BE /* XCRemoteSwiftPackageReference "firebase-ios-sdk" */,
			);
			productRefGroup = 749D03322BD7FE1800210B09 /* Products */;
			projectDirPath = "";
			projectRoot = "";
			targets = (
				749D03302BD7FE1800210B09 /* Woof-Companion */,
				749D03402BD7FE1A00210B09 /* Woof-CompanionTests */,
				749D034A2BD7FE1A00210B09 /* Woof-CompanionUITests */,
			);
		};
/* End PBXProject section */

/* Begin PBXResourcesBuildPhase section */
		749D032F2BD7FE1800210B09 /* Resources */ = {
			isa = PBXResourcesBuildPhase;
			buildActionMask = 2147483647;
			files = (
				749D033C2BD7FE1A00210B09 /* Preview Assets.xcassets in Resources */,
				74239A252BD9027100EFC2BE /* GoogleService-Info.plist in Resources */,
				749D03392BD7FE1A00210B09 /* Assets.xcassets in Resources */,
			);
			runOnlyForDeploymentPostprocessing = 0;
		};
		749D033F2BD7FE1A00210B09 /* Resources */ = {
			isa = PBXResourcesBuildPhase;
			buildActionMask = 2147483647;
			files = (
			);
			runOnlyForDeploymentPostprocessing = 0;
		};
		749D03492BD7FE1A00210B09 /* Resources */ = {
			isa = PBXResourcesBuildPhase;
			buildActionMask = 2147483647;
			files = (
			);
			runOnlyForDeploymentPostprocessing = 0;
		};
/* End PBXResourcesBuildPhase section */

/* Begin PBXSourcesBuildPhase section */
		749D032D2BD7FE1800210B09 /* Sources */ = {
			isa = PBXSourcesBuildPhase;
			buildActionMask = 2147483647;
			files = (
				749D03722BD8053A00210B09 /* CoordinatorView.swift in Sources */,
				749D038A2BD8E8CD00210B09 /* PedometerManager.swift in Sources */,
				749D037B2BD80A4000210B09 /* HistoryView.swift in Sources */,
				74239A2C2BD904C100EFC2BE /* AppDelegate.swift in Sources */,
				74F2753F2BDA6E5E00B9F3DD /* WalkDataStoreManager.swift in Sources */,
				748E4E6D2BD9115F0044035F /* AuthDataResultModel.swift in Sources */,
				749D037D2BD80AE000210B09 /* FinishedWalkView.swift in Sources */,
				74F275472BDA9C4A00B9F3DD /* AppModel.swift in Sources */,
				742824CC2BD9603D0028E9D0 /* ResetPasswordView.swift in Sources */,
				749D036E2BD8010800210B09 /* MainView.swift in Sources */,
				748E4E632BD907040044035F /* AuthView.swift in Sources */,
				749D036B2BD8006C00210B09 /* LastWalkView.swift in Sources */,
				749D03882BD8E8B800210B09 /* TimerManager.swift in Sources */,
				74F2753D2BDA6E1000B9F3DD /* FirestoreManager.swift in Sources */,
				749D03812BD83D7500210B09 /* WeatherChoice.swift in Sources */,
				749D03852BD8E86E00210B09 /* WalkModel.swift in Sources */,
				749D03352BD7FE1800210B09 /* Woof_CompanionApp.swift in Sources */,
				742824CE2BD996A70028E9D0 /* ParametersView.swift in Sources */,
				74F275422BDA74A100B9F3DD /* AuthentificationViewModel.swift in Sources */,
				74F275492BDAA9A000B9F3DD /* HistoryViewModel.swift in Sources */,
				749D03702BD8017D00210B09 /* TotalActivityView.swift in Sources */,
				742824CA2BD94E1C0028E9D0 /* SignInView.swift in Sources */,
				748E4E692BD90FA60044035F /* AuthManager.swift in Sources */,
				749D03832BD8E83400210B09 /* WalkViewModel.swift in Sources */,
				749D03792BD80A3600210B09 /* WalkView.swift in Sources */,
				749D03752BD8063400210B09 /* CoordinatorManager.swift in Sources */,
				742824C82BD944540028E9D0 /* SignUpView.swift in Sources */,
				74F2754E2BDAAEB100B9F3DD /* HistoryContentView.swift in Sources */,
			);
			runOnlyForDeploymentPostprocessing = 0;
		};
		749D033D2BD7FE1A00210B09 /* Sources */ = {
			isa = PBXSourcesBuildPhase;
			buildActionMask = 2147483647;
			files = (
				749D03462BD7FE1A00210B09 /* Woof_CompanionTests.swift in Sources */,
			);
			runOnlyForDeploymentPostprocessing = 0;
		};
		749D03472BD7FE1A00210B09 /* Sources */ = {
			isa = PBXSourcesBuildPhase;
			buildActionMask = 2147483647;
			files = (
				749D03522BD7FE1A00210B09 /* Woof_CompanionUITestsLaunchTests.swift in Sources */,
				749D03502BD7FE1A00210B09 /* Woof_CompanionUITests.swift in Sources */,
			);
			runOnlyForDeploymentPostprocessing = 0;
		};
/* End PBXSourcesBuildPhase section */

/* Begin PBXTargetDependency section */
		749D03432BD7FE1A00210B09 /* PBXTargetDependency */ = {
			isa = PBXTargetDependency;
			target = 749D03302BD7FE1800210B09 /* Woof-Companion */;
			targetProxy = 749D03422BD7FE1A00210B09 /* PBXContainerItemProxy */;
		};
		749D034D2BD7FE1A00210B09 /* PBXTargetDependency */ = {
			isa = PBXTargetDependency;
			target = 749D03302BD7FE1800210B09 /* Woof-Companion */;
			targetProxy = 749D034C2BD7FE1A00210B09 /* PBXContainerItemProxy */;
		};
/* End PBXTargetDependency section */

/* Begin XCBuildConfiguration section */
		749D03532BD7FE1A00210B09 /* Debug */ = {
			isa = XCBuildConfiguration;
			buildSettings = {
				ALWAYS_SEARCH_USER_PATHS = NO;
				ASSETCATALOG_COMPILER_GENERATE_SWIFT_ASSET_SYMBOL_EXTENSIONS = YES;
				CLANG_ANALYZER_NONNULL = YES;
				CLANG_ANALYZER_NUMBER_OBJECT_CONVERSION = YES_AGGRESSIVE;
				CLANG_CXX_LANGUAGE_STANDARD = "gnu++20";
				CLANG_ENABLE_MODULES = YES;
				CLANG_ENABLE_OBJC_ARC = YES;
				CLANG_ENABLE_OBJC_WEAK = YES;
				CLANG_WARN_BLOCK_CAPTURE_AUTORELEASING = YES;
				CLANG_WARN_BOOL_CONVERSION = YES;
				CLANG_WARN_COMMA = YES;
				CLANG_WARN_CONSTANT_CONVERSION = YES;
				CLANG_WARN_DEPRECATED_OBJC_IMPLEMENTATIONS = YES;
				CLANG_WARN_DIRECT_OBJC_ISA_USAGE = YES_ERROR;
				CLANG_WARN_DOCUMENTATION_COMMENTS = YES;
				CLANG_WARN_EMPTY_BODY = YES;
				CLANG_WARN_ENUM_CONVERSION = YES;
				CLANG_WARN_INFINITE_RECURSION = YES;
				CLANG_WARN_INT_CONVERSION = YES;
				CLANG_WARN_NON_LITERAL_NULL_CONVERSION = YES;
				CLANG_WARN_OBJC_IMPLICIT_RETAIN_SELF = YES;
				CLANG_WARN_OBJC_LITERAL_CONVERSION = YES;
				CLANG_WARN_OBJC_ROOT_CLASS = YES_ERROR;
				CLANG_WARN_QUOTED_INCLUDE_IN_FRAMEWORK_HEADER = YES;
				CLANG_WARN_RANGE_LOOP_ANALYSIS = YES;
				CLANG_WARN_STRICT_PROTOTYPES = YES;
				CLANG_WARN_SUSPICIOUS_MOVE = YES;
				CLANG_WARN_UNGUARDED_AVAILABILITY = YES_AGGRESSIVE;
				CLANG_WARN_UNREACHABLE_CODE = YES;
				CLANG_WARN__DUPLICATE_METHOD_MATCH = YES;
				COPY_PHASE_STRIP = NO;
				DEBUG_INFORMATION_FORMAT = dwarf;
				ENABLE_STRICT_OBJC_MSGSEND = YES;
				ENABLE_TESTABILITY = YES;
				ENABLE_USER_SCRIPT_SANDBOXING = YES;
				GCC_C_LANGUAGE_STANDARD = gnu17;
				GCC_DYNAMIC_NO_PIC = NO;
				GCC_NO_COMMON_BLOCKS = YES;
				GCC_OPTIMIZATION_LEVEL = 0;
				GCC_PREPROCESSOR_DEFINITIONS = (
					"DEBUG=1",
					"$(inherited)",
				);
				GCC_WARN_64_TO_32_BIT_CONVERSION = YES;
				GCC_WARN_ABOUT_RETURN_TYPE = YES_ERROR;
				GCC_WARN_UNDECLARED_SELECTOR = YES;
				GCC_WARN_UNINITIALIZED_AUTOS = YES_AGGRESSIVE;
				GCC_WARN_UNUSED_FUNCTION = YES;
				GCC_WARN_UNUSED_VARIABLE = YES;
				IPHONEOS_DEPLOYMENT_TARGET = 17.4;
				LOCALIZATION_PREFERS_STRING_CATALOGS = YES;
				MTL_ENABLE_DEBUG_INFO = INCLUDE_SOURCE;
				MTL_FAST_MATH = YES;
				ONLY_ACTIVE_ARCH = YES;
				SDKROOT = iphoneos;
				SWIFT_ACTIVE_COMPILATION_CONDITIONS = "DEBUG $(inherited)";
				SWIFT_OPTIMIZATION_LEVEL = "-Onone";
			};
			name = Debug;
		};
		749D03542BD7FE1A00210B09 /* Release */ = {
			isa = XCBuildConfiguration;
			buildSettings = {
				ALWAYS_SEARCH_USER_PATHS = NO;
				ASSETCATALOG_COMPILER_GENERATE_SWIFT_ASSET_SYMBOL_EXTENSIONS = YES;
				CLANG_ANALYZER_NONNULL = YES;
				CLANG_ANALYZER_NUMBER_OBJECT_CONVERSION = YES_AGGRESSIVE;
				CLANG_CXX_LANGUAGE_STANDARD = "gnu++20";
				CLANG_ENABLE_MODULES = YES;
				CLANG_ENABLE_OBJC_ARC = YES;
				CLANG_ENABLE_OBJC_WEAK = YES;
				CLANG_WARN_BLOCK_CAPTURE_AUTORELEASING = YES;
				CLANG_WARN_BOOL_CONVERSION = YES;
				CLANG_WARN_COMMA = YES;
				CLANG_WARN_CONSTANT_CONVERSION = YES;
				CLANG_WARN_DEPRECATED_OBJC_IMPLEMENTATIONS = YES;
				CLANG_WARN_DIRECT_OBJC_ISA_USAGE = YES_ERROR;
				CLANG_WARN_DOCUMENTATION_COMMENTS = YES;
				CLANG_WARN_EMPTY_BODY = YES;
				CLANG_WARN_ENUM_CONVERSION = YES;
				CLANG_WARN_INFINITE_RECURSION = YES;
				CLANG_WARN_INT_CONVERSION = YES;
				CLANG_WARN_NON_LITERAL_NULL_CONVERSION = YES;
				CLANG_WARN_OBJC_IMPLICIT_RETAIN_SELF = YES;
				CLANG_WARN_OBJC_LITERAL_CONVERSION = YES;
				CLANG_WARN_OBJC_ROOT_CLASS = YES_ERROR;
				CLANG_WARN_QUOTED_INCLUDE_IN_FRAMEWORK_HEADER = YES;
				CLANG_WARN_RANGE_LOOP_ANALYSIS = YES;
				CLANG_WARN_STRICT_PROTOTYPES = YES;
				CLANG_WARN_SUSPICIOUS_MOVE = YES;
				CLANG_WARN_UNGUARDED_AVAILABILITY = YES_AGGRESSIVE;
				CLANG_WARN_UNREACHABLE_CODE = YES;
				CLANG_WARN__DUPLICATE_METHOD_MATCH = YES;
				COPY_PHASE_STRIP = NO;
				DEBUG_INFORMATION_FORMAT = "dwarf-with-dsym";
				ENABLE_NS_ASSERTIONS = NO;
				ENABLE_STRICT_OBJC_MSGSEND = YES;
				ENABLE_USER_SCRIPT_SANDBOXING = YES;
				GCC_C_LANGUAGE_STANDARD = gnu17;
				GCC_NO_COMMON_BLOCKS = YES;
				GCC_WARN_64_TO_32_BIT_CONVERSION = YES;
				GCC_WARN_ABOUT_RETURN_TYPE = YES_ERROR;
				GCC_WARN_UNDECLARED_SELECTOR = YES;
				GCC_WARN_UNINITIALIZED_AUTOS = YES_AGGRESSIVE;
				GCC_WARN_UNUSED_FUNCTION = YES;
				GCC_WARN_UNUSED_VARIABLE = YES;
				IPHONEOS_DEPLOYMENT_TARGET = 17.4;
				LOCALIZATION_PREFERS_STRING_CATALOGS = YES;
				MTL_ENABLE_DEBUG_INFO = NO;
				MTL_FAST_MATH = YES;
				SDKROOT = iphoneos;
				SWIFT_COMPILATION_MODE = wholemodule;
				VALIDATE_PRODUCT = YES;
			};
			name = Release;
		};
		749D03562BD7FE1A00210B09 /* Debug */ = {
			isa = XCBuildConfiguration;
			buildSettings = {
				ASSETCATALOG_COMPILER_APPICON_NAME = AppIcon;
				ASSETCATALOG_COMPILER_GLOBAL_ACCENT_COLOR_NAME = AccentColor;
				CODE_SIGN_STYLE = Automatic;
				CURRENT_PROJECT_VERSION = 1;
				DEVELOPMENT_ASSET_PATHS = "\"Woof-Companion/ressource/Preview Content\"";
				DEVELOPMENT_TEAM = PQM28NC327;
				ENABLE_PREVIEWS = YES;
				GENERATE_INFOPLIST_FILE = YES;
				INFOPLIST_KEY_NSMotionUsageDescription = "";
				INFOPLIST_KEY_UIApplicationSceneManifest_Generation = YES;
				INFOPLIST_KEY_UIApplicationSupportsIndirectInputEvents = YES;
				INFOPLIST_KEY_UILaunchScreen_Generation = YES;
				INFOPLIST_KEY_UISupportedInterfaceOrientations = UIInterfaceOrientationPortrait;
				INFOPLIST_KEY_UISupportedInterfaceOrientations_iPad = "UIInterfaceOrientationLandscapeLeft UIInterfaceOrientationLandscapeRight UIInterfaceOrientationPortrait UIInterfaceOrientationPortraitUpsideDown";
				IPHONEOS_DEPLOYMENT_TARGET = 16.0;
				LD_RUNPATH_SEARCH_PATHS = (
					"$(inherited)",
					"@executable_path/Frameworks",
				);
				MARKETING_VERSION = 1.0;
				PRODUCT_BUNDLE_IDENTIFIER = "com.fxm.Woof-Companion";
				PRODUCT_NAME = "$(TARGET_NAME)";
				SUPPORTED_PLATFORMS = "iphoneos iphonesimulator";
				SUPPORTS_MACCATALYST = NO;
				SUPPORTS_MAC_DESIGNED_FOR_IPHONE_IPAD = NO;
				SUPPORTS_XR_DESIGNED_FOR_IPHONE_IPAD = NO;
				SWIFT_EMIT_LOC_STRINGS = YES;
				SWIFT_VERSION = 5.0;
				TARGETED_DEVICE_FAMILY = 1;
			};
			name = Debug;
		};
		749D03572BD7FE1A00210B09 /* Release */ = {
			isa = XCBuildConfiguration;
			buildSettings = {
				ASSETCATALOG_COMPILER_APPICON_NAME = AppIcon;
				ASSETCATALOG_COMPILER_GLOBAL_ACCENT_COLOR_NAME = AccentColor;
				CODE_SIGN_STYLE = Automatic;
				CURRENT_PROJECT_VERSION = 1;
				DEVELOPMENT_ASSET_PATHS = "\"Woof-Companion/ressource/Preview Content\"";
				DEVELOPMENT_TEAM = PQM28NC327;
				ENABLE_PREVIEWS = YES;
				GENERATE_INFOPLIST_FILE = YES;
				INFOPLIST_KEY_NSMotionUsageDescription = "";
				INFOPLIST_KEY_UIApplicationSceneManifest_Generation = YES;
				INFOPLIST_KEY_UIApplicationSupportsIndirectInputEvents = YES;
				INFOPLIST_KEY_UILaunchScreen_Generation = YES;
				INFOPLIST_KEY_UISupportedInterfaceOrientations = UIInterfaceOrientationPortrait;
				INFOPLIST_KEY_UISupportedInterfaceOrientations_iPad = "UIInterfaceOrientationLandscapeLeft UIInterfaceOrientationLandscapeRight UIInterfaceOrientationPortrait UIInterfaceOrientationPortraitUpsideDown";
				IPHONEOS_DEPLOYMENT_TARGET = 16.0;
				LD_RUNPATH_SEARCH_PATHS = (
					"$(inherited)",
					"@executable_path/Frameworks",
				);
				MARKETING_VERSION = 1.0;
				PRODUCT_BUNDLE_IDENTIFIER = "com.fxm.Woof-Companion";
				PRODUCT_NAME = "$(TARGET_NAME)";
				SUPPORTED_PLATFORMS = "iphoneos iphonesimulator";
				SUPPORTS_MACCATALYST = NO;
				SUPPORTS_MAC_DESIGNED_FOR_IPHONE_IPAD = NO;
				SUPPORTS_XR_DESIGNED_FOR_IPHONE_IPAD = NO;
				SWIFT_EMIT_LOC_STRINGS = YES;
				SWIFT_VERSION = 5.0;
				TARGETED_DEVICE_FAMILY = 1;
			};
			name = Release;
		};
		749D03592BD7FE1A00210B09 /* Debug */ = {
			isa = XCBuildConfiguration;
			buildSettings = {
				ALWAYS_EMBED_SWIFT_STANDARD_LIBRARIES = YES;
				BUNDLE_LOADER = "$(TEST_HOST)";
				CODE_SIGN_STYLE = Automatic;
				CURRENT_PROJECT_VERSION = 1;
				DEVELOPMENT_TEAM = PQM28NC327;
				GENERATE_INFOPLIST_FILE = YES;
				IPHONEOS_DEPLOYMENT_TARGET = 17.4;
				MARKETING_VERSION = 1.0;
				PRODUCT_BUNDLE_IDENTIFIER = "com.fxm.Woof-CompanionTests";
				PRODUCT_NAME = "$(TARGET_NAME)";
				SWIFT_EMIT_LOC_STRINGS = NO;
				SWIFT_VERSION = 5.0;
				TARGETED_DEVICE_FAMILY = "1,2";
				TEST_HOST = "$(BUILT_PRODUCTS_DIR)/Woof-Companion.app/$(BUNDLE_EXECUTABLE_FOLDER_PATH)/Woof-Companion";
			};
			name = Debug;
		};
		749D035A2BD7FE1A00210B09 /* Release */ = {
			isa = XCBuildConfiguration;
			buildSettings = {
				ALWAYS_EMBED_SWIFT_STANDARD_LIBRARIES = YES;
				BUNDLE_LOADER = "$(TEST_HOST)";
				CODE_SIGN_STYLE = Automatic;
				CURRENT_PROJECT_VERSION = 1;
				DEVELOPMENT_TEAM = PQM28NC327;
				GENERATE_INFOPLIST_FILE = YES;
				IPHONEOS_DEPLOYMENT_TARGET = 17.4;
				MARKETING_VERSION = 1.0;
				PRODUCT_BUNDLE_IDENTIFIER = "com.fxm.Woof-CompanionTests";
				PRODUCT_NAME = "$(TARGET_NAME)";
				SWIFT_EMIT_LOC_STRINGS = NO;
				SWIFT_VERSION = 5.0;
				TARGETED_DEVICE_FAMILY = "1,2";
				TEST_HOST = "$(BUILT_PRODUCTS_DIR)/Woof-Companion.app/$(BUNDLE_EXECUTABLE_FOLDER_PATH)/Woof-Companion";
			};
			name = Release;
		};
		749D035C2BD7FE1A00210B09 /* Debug */ = {
			isa = XCBuildConfiguration;
			buildSettings = {
				ALWAYS_EMBED_SWIFT_STANDARD_LIBRARIES = YES;
				CODE_SIGN_STYLE = Automatic;
				CURRENT_PROJECT_VERSION = 1;
				DEVELOPMENT_TEAM = PQM28NC327;
				GENERATE_INFOPLIST_FILE = YES;
				INFOPLIST_FILE = "Woof-CompanionUITests/Info.plist";
				INFOPLIST_KEY_UIUserInterfaceStyle = Light;
				MARKETING_VERSION = 1.0;
				PRODUCT_BUNDLE_IDENTIFIER = "com.fxm.Woof-CompanionUITests";
				PRODUCT_NAME = "$(TARGET_NAME)";
				SWIFT_EMIT_LOC_STRINGS = NO;
				SWIFT_VERSION = 5.0;
				TARGETED_DEVICE_FAMILY = "1,2";
				TEST_TARGET_NAME = "Woof-Companion";
			};
			name = Debug;
		};
		749D035D2BD7FE1A00210B09 /* Release */ = {
			isa = XCBuildConfiguration;
			buildSettings = {
				ALWAYS_EMBED_SWIFT_STANDARD_LIBRARIES = YES;
				CODE_SIGN_STYLE = Automatic;
				CURRENT_PROJECT_VERSION = 1;
				DEVELOPMENT_TEAM = PQM28NC327;
				GENERATE_INFOPLIST_FILE = YES;
				INFOPLIST_FILE = "Woof-CompanionUITests/Info.plist";
				INFOPLIST_KEY_UIUserInterfaceStyle = Light;
				MARKETING_VERSION = 1.0;
				PRODUCT_BUNDLE_IDENTIFIER = "com.fxm.Woof-CompanionUITests";
				PRODUCT_NAME = "$(TARGET_NAME)";
				SWIFT_EMIT_LOC_STRINGS = NO;
				SWIFT_VERSION = 5.0;
				TARGETED_DEVICE_FAMILY = "1,2";
				TEST_TARGET_NAME = "Woof-Companion";
			};
			name = Release;
		};
/* End XCBuildConfiguration section */

/* Begin XCConfigurationList section */
		749D032C2BD7FE1800210B09 /* Build configuration list for PBXProject "Woof-Companion" */ = {
			isa = XCConfigurationList;
			buildConfigurations = (
				749D03532BD7FE1A00210B09 /* Debug */,
				749D03542BD7FE1A00210B09 /* Release */,
			);
			defaultConfigurationIsVisible = 0;
			defaultConfigurationName = Release;
		};
		749D03552BD7FE1A00210B09 /* Build configuration list for PBXNativeTarget "Woof-Companion" */ = {
			isa = XCConfigurationList;
			buildConfigurations = (
				749D03562BD7FE1A00210B09 /* Debug */,
				749D03572BD7FE1A00210B09 /* Release */,
			);
			defaultConfigurationIsVisible = 0;
			defaultConfigurationName = Release;
		};
		749D03582BD7FE1A00210B09 /* Build configuration list for PBXNativeTarget "Woof-CompanionTests" */ = {
			isa = XCConfigurationList;
			buildConfigurations = (
				749D03592BD7FE1A00210B09 /* Debug */,
				749D035A2BD7FE1A00210B09 /* Release */,
			);
			defaultConfigurationIsVisible = 0;
			defaultConfigurationName = Release;
		};
		749D035B2BD7FE1A00210B09 /* Build configuration list for PBXNativeTarget "Woof-CompanionUITests" */ = {
			isa = XCConfigurationList;
			buildConfigurations = (
				749D035C2BD7FE1A00210B09 /* Debug */,
				749D035D2BD7FE1A00210B09 /* Release */,
			);
			defaultConfigurationIsVisible = 0;
			defaultConfigurationName = Release;
		};
/* End XCConfigurationList section */

/* Begin XCRemoteSwiftPackageReference section */
		74239A262BD9031000EFC2BE /* XCRemoteSwiftPackageReference "firebase-ios-sdk" */ = {
			isa = XCRemoteSwiftPackageReference;
			repositoryURL = "https://github.com/firebase/firebase-ios-sdk";
			requirement = {
				kind = upToNextMajorVersion;
				minimumVersion = 10.24.0;
			};
		};
/* End XCRemoteSwiftPackageReference section */

/* Begin XCSwiftPackageProductDependency section */
		74239A272BD9031000EFC2BE /* FirebaseAnalytics */ = {
			isa = XCSwiftPackageProductDependency;
			package = 74239A262BD9031000EFC2BE /* XCRemoteSwiftPackageReference "firebase-ios-sdk" */;
			productName = FirebaseAnalytics;
		};
		74239A292BD9031000EFC2BE /* FirebaseAnalyticsSwift */ = {
			isa = XCSwiftPackageProductDependency;
			package = 74239A262BD9031000EFC2BE /* XCRemoteSwiftPackageReference "firebase-ios-sdk" */;
			productName = FirebaseAnalyticsSwift;
		};
		74239A2E2BD9056700EFC2BE /* FirebaseAuth */ = {
			isa = XCSwiftPackageProductDependency;
			package = 74239A262BD9031000EFC2BE /* XCRemoteSwiftPackageReference "firebase-ios-sdk" */;
			productName = FirebaseAuth;
		};
		74AFCDB32BDAC33B0089F174 /* FirebasePerformance */ = {
			isa = XCSwiftPackageProductDependency;
			package = 74239A262BD9031000EFC2BE /* XCRemoteSwiftPackageReference "firebase-ios-sdk" */;
			productName = FirebasePerformance;
		};
		74F275362BDA511A00B9F3DD /* FirebaseFirestore */ = {
			isa = XCSwiftPackageProductDependency;
			package = 74239A262BD9031000EFC2BE /* XCRemoteSwiftPackageReference "firebase-ios-sdk" */;
			productName = FirebaseFirestore;
		};
		74F275382BDA511A00B9F3DD /* FirebaseFirestoreSwift */ = {
			isa = XCSwiftPackageProductDependency;
			package = 74239A262BD9031000EFC2BE /* XCRemoteSwiftPackageReference "firebase-ios-sdk" */;
			productName = FirebaseFirestoreSwift;
		};
/* End XCSwiftPackageProductDependency section */
	};
	rootObject = 749D03292BD7FE1800210B09 /* Project object */;
}
